
Microsoft Visual Studio Solution File, Format Version 12.00
# Visual Studio Version 16
VisualStudioVersion = 16.0.29709.97
MinimumVisualStudioVersion = 10.0.40219.1
Project("{FAE04EC0-301F-11D3-BF4B-00C04F79EFBC}") = "SpecializedCollections", "SpecializedCollections\SpecializedCollections.csproj", "{C0C7A218-7F1B-4AA2-8D6D-9632239E9522}"
EndProject
Global
	GlobalSection(SolutionConfigurationPlatforms) = preSolution
		Debug|Any CPU = Debug|Any CPU
		Release|Any CPU = Release|Any CPU
	EndGlobalSection
	GlobalSection(ProjectConfigurationPlatforms) = postSolution
		{C0C7A218-7F1B-4AA2-8D6D-9632239E9522}.Debug|Any CPU.ActiveCfg = Debug|Any CPU
		{C0C7A218-7F1B-4AA2-8D6D-9632239E9522}.Debug|Any CPU.Build.0 = Debug|Any CPU
		{C0C7A218-7F1B-4AA2-8D6D-9632239E9522}.Release|Any CPU.ActiveCfg = Release|Any CPU
		{C0C7A218-7F1B-4AA2-8D6D-9632239E9522}.Release|Any CPU.Build.0 = Release|Any CPU
	EndGlobalSection
	GlobalSection(SolutionProperties) = preSolution
		HideSolutionNode = FALSE
	EndGlobalSection
	GlobalSection(ExtensibilityGlobals) = postSolution
		SolutionGuid = {4729EFB2-1796-44B5-B5D0-AD3FBF48DD1F}
	EndGlobalSection
EndGlobal
